<?xml version="1.0" encoding="UTF-8"?>
<CONFIG>
  <ProjectOptions>
    <Version Value="9"/>
    <General>
      <Flags>
        <MainUnitHasCreateFormStatements Value="False"/>
        <MainUnitHasTitleStatement Value="False"/>
      </Flags>
      <MainUnit Value="0"/>
      <ResourceType Value="res"/>
      <UseXPManifest Value="True"/>
      <ActiveWindowIndexAtStart Value="0"/>
    </General>
    <VersionInfo>
      <Language Value=""/>
      <CharSet Value=""/>
      <StringTable ProductVersion=""/>
    </VersionInfo>
    <BuildModes Count="1">
      <Item1 Name="default" Default="True"/>
    </BuildModes>
    <PublishOptions>
      <Version Value="2"/>
      <IgnoreBinaries Value="False"/>
      <IncludeFileFilter Value="*.(pas|pp|inc|lfm|lpr|lrs|lpi|lpk|sh|xml)"/>
      <ExcludeFileFilter Value="*.(bak|ppu|ppw|o|so);*~;backup"/>
    </PublishOptions>
    <RunParams>
      <local>
        <FormatVersion Value="1"/>
        <LaunchingApplication PathPlusParams="/usr/X11R6/bin/xterm -T 'Lazarus Run Output' -e $(LazarusDir)/tools/runwait.sh $(TargetCmdLine)"/>
      </local>
    </RunParams>
    <RequiredPackages Count="1">
      <Item1>
        <PackageName Value="LCL"/>
      </Item1>
    </RequiredPackages>
    <Units Count="45">
      <Unit0>
        <Filename Value="mml.lpr"/>
        <IsPartOfProject Value="True"/>
        <UnitName Value="mml"/>
        <IsVisibleTab Value="True"/>
        <EditorIndex Value="0"/>
        <WindowIndex Value="0"/>
        <TopLine Value="202"/>
        <CursorPos X="21" Y="208"/>
        <UsageCount Value="200"/>
        <Loaded Value="True"/>
        <LoadedDesigner Value="True"/>
      </Unit0>
      <Unit1>
        <Filename Value="../../Units/MMLCore/client.pas"/>
        <UnitName Value="Client"/>
        <WindowIndex Value="0"/>
        <TopLine Value="58"/>
        <CursorPos X="5" Y="72"/>
        <UsageCount Value="79"/>
      </Unit1>
      <Unit2>
        <Filename Value="../../Units/MMLCore/iomanager.pas"/>
        <UnitName Value="IOManager"/>
        <WindowIndex Value="0"/>
        <TopLine Value="1321"/>
        <CursorPos X="33" Y="1321"/>
        <UsageCount Value="69"/>
      </Unit2>
      <Unit3>
        <Filename Value="../../Units/MMLCore/finder.pas"/>
        <UnitName Value="finder"/>
        <WindowIndex Value="0"/>
        <TopLine Value="1038"/>
        <CursorPos X="3" Y="1062"/>
        <UsageCount Value="7"/>
      </Unit3>
      <Unit4>
        <Filename Value="../../Units/MMLCore/bitmaps.pas"/>
        <UnitName Value="bitmaps"/>
        <WindowIndex Value="0"/>
        <TopLine Value="1434"/>
        <CursorPos X="31" Y="1440"/>
        <UsageCount Value="60"/>
      </Unit4>
      <Unit5>
        <Filename Value="../../Units/MMLCore/mufasatypes.pas"/>
        <UnitName Value="MufasaTypes"/>
        <EditorIndex Value="7"/>
        <WindowIndex Value="0"/>
        <TopLine Value="65"/>
        <CursorPos X="3" Y="87"/>
        <UsageCount Value="54"/>
        <Loaded Value="True"/>
      </Unit5>
      <Unit6>
        <Filename Value="../../Units/MMLCore/tpa.pas"/>
        <UnitName Value="tpa"/>
        <EditorIndex Value="2"/>
        <WindowIndex Value="0"/>
        <TopLine Value="2497"/>
        <CursorPos X="13" Y="2511"/>
        <UsageCount Value="28"/>
        <Loaded Value="True"/>
      </Unit6>
      <Unit7>
        <Filename Value="../../Units/MMLCore/dtm.pas"/>
        <UnitName Value="dtm"/>
        <WindowIndex Value="0"/>
        <TopLine Value="31"/>
        <CursorPos X="1" Y="1"/>
        <UsageCount Value="7"/>
      </Unit7>
      <Unit8>
        <Filename Value="colour.pas"/>
        <UnitName Value="colour"/>
        <WindowIndex Value="0"/>
        <TopLine Value="272"/>
        <CursorPos X="73" Y="25"/>
        <UsageCount Value="86"/>
      </Unit8>
      <Unit9>
        <Filename Value="dtmi.pas"/>
        <UnitName Value="dtmi"/>
        <EditorIndex Value="6"/>
        <WindowIndex Value="0"/>
        <TopLine Value="1"/>
        <CursorPos X="26" Y="3"/>
        <ExtraEditorCount Value="1"/>
        <ExtraEditor1>
          <WindowIndex Value="1"/>
        </ExtraEditor1>
        <UsageCount Value="97"/>
        <Loaded Value="True"/>
      </Unit9>
      <Unit10>
        <Filename Value="input.pas"/>
        <UnitName Value="input"/>
        <WindowIndex Value="0"/>
        <TopLine Value="1"/>
        <CursorPos X="43" Y="14"/>
        <UsageCount Value="24"/>
      </Unit10>
      <Unit11>
        <Filename Value="../../Units/MMLAddon/PSInc/Wrappers/keyboard.inc"/>
        <WindowIndex Value="0"/>
        <TopLine Value="15"/>
        <CursorPos X="34" Y="42"/>
        <UsageCount Value="5"/>
      </Unit11>
      <Unit12>
        <Filename Value="../../Units/MMLAddon/PSInc/Wrappers/ocr.inc"/>
        <EditorIndex Value="4"/>
        <WindowIndex Value="0"/>
        <TopLine Value="1"/>
        <CursorPos X="60" Y="26"/>
        <ExtraEditorCount Value="1"/>
        <ExtraEditor1>
          <WindowIndex Value="1"/>
          <TopLine Value="1"/>
          <CursorPos X="30" Y="29"/>
        </ExtraEditor1>
        <UsageCount Value="97"/>
        <Loaded Value="True"/>
      </Unit12>
      <Unit13>
        <Filename Value="ocr.pas"/>
        <UnitName Value="ocr"/>
        <WindowIndex Value="0"/>
        <TopLine Value="1"/>
        <CursorPos X="5" Y="11"/>
        <UsageCount Value="6"/>
      </Unit13>
      <Unit14>
        <Filename Value="ocri.pas"/>
        <UnitName Value="ocri"/>
        <EditorIndex Value="9"/>
        <WindowIndex Value="0"/>
        <TopLine Value="128"/>
        <CursorPos X="106" Y="142"/>
        <UsageCount Value="96"/>
        <Loaded Value="True"/>
      </Unit14>
      <Unit15>
        <Filename Value="../../Units/MMLAddon/PSInc/Wrappers/window.inc"/>
        <WindowIndex Value="0"/>
        <TopLine Value="17"/>
        <CursorPos X="3" Y="22"/>
        <UsageCount Value="67"/>
      </Unit15>
      <Unit16>
        <Filename Value="windowi.pas"/>
        <IsPartOfProject Value="True"/>
        <UnitName Value="windowi"/>
        <WindowIndex Value="0"/>
        <TopLine Value="1"/>
        <CursorPos X="1" Y="1"/>
        <UsageCount Value="188"/>
      </Unit16>
      <Unit17>
        <Filename Value="bitmapi.pas"/>
        <IsPartOfProject Value="True"/>
        <UnitName Value="bitmapi"/>
        <EditorIndex Value="5"/>
        <WindowIndex Value="0"/>
        <TopLine Value="535"/>
        <CursorPos X="24" Y="561"/>
        <ExtraEditorCount Value="1"/>
        <ExtraEditor1>
          <WindowIndex Value="0"/>
          <TopLine Value="882"/>
          <CursorPos X="39" Y="900"/>
        </ExtraEditor1>
        <UsageCount Value="176"/>
        <Loaded Value="True"/>
      </Unit17>
      <Unit18>
        <Filename Value="../../Units/MMLAddon/PSInc/Wrappers/bitmap.inc"/>
        <TopLine Value="279"/>
        <CursorPos X="71" Y="349"/>
        <UsageCount Value="59"/>
      </Unit18>
      <Unit19>
        <Filename Value="../../../../../../../../lazarus/fpc/2.6.4/source/rtl/objpas/objpas.pp"/>
        <UnitName Value="objpas"/>
        <WindowIndex Value="0"/>
        <TopLine Value="18"/>
        <CursorPos X="8" Y="40"/>
        <UsageCount Value="2"/>
      </Unit19>
      <Unit20>
        <Filename Value="../../Units/MMLCore/mufasatypesutil.pas"/>
        <UnitName Value="mufasatypesutil"/>
        <WindowIndex Value="0"/>
        <TopLine Value="1"/>
        <CursorPos X="1" Y="1"/>
        <UsageCount Value="6"/>
      </Unit20>
      <Unit21>
        <Filename Value="../../../../../../../../lazarus/lcl/graphics.pp"/>
        <UnitName Value="Graphics"/>
        <WindowIndex Value="0"/>
        <TopLine Value="36"/>
        <CursorPos X="3" Y="58"/>
        <UsageCount Value="5"/>
      </Unit21>
      <Unit22>
        <Filename Value="../../../../../../../../lazarus/lcl/graphtype.pp"/>
        <UnitName Value="GraphType"/>
        <WindowIndex Value="0"/>
        <TopLine Value="11"/>
        <CursorPos X="3" Y="33"/>
        <UsageCount Value="5"/>
      </Unit22>
      <Unit23>
        <Filename Value="../../../../../../../../lazarus/fpc/2.6.4/source/rtl/inc/objpash.inc"/>
        <WindowIndex Value="0"/>
        <TopLine Value="229"/>
        <CursorPos X="20" Y="241"/>
        <UsageCount Value="6"/>
      </Unit23>
      <Unit24>
        <Filename Value="../../Units/MMLAddon/LPInc/Wrappers/lp_bitmap.inc"/>
        <WindowIndex Value="0"/>
        <TopLine Value="257"/>
        <CursorPos X="25" Y="280"/>
        <UsageCount Value="6"/>
      </Unit24>
      <Unit25>
        <Filename Value="../../Units/MMLAddon/LPInc/Wrappers/lp_keyboard.inc"/>
        <WindowIndex Value="0"/>
        <TopLine Value="2"/>
        <CursorPos X="1" Y="1"/>
        <UsageCount Value="6"/>
      </Unit25>
      <Unit26>
        <Filename Value="../../Units/MMLAddon/LPInc/Wrappers/lp_window.inc"/>
        <WindowIndex Value="0"/>
        <TopLine Value="79"/>
        <CursorPos X="1" Y="1"/>
        <UsageCount Value="6"/>
      </Unit26>
      <Unit27>
        <Filename Value="../../Units/MMLAddon/LPInc/Wrappers/lp_dtm.inc"/>
        <WindowIndex Value="0"/>
        <TopLine Value="57"/>
        <CursorPos X="31" Y="2"/>
        <UsageCount Value="6"/>
      </Unit27>
      <Unit28>
        <Filename Value="../../Units/MMLAddon/LPInc/Wrappers/lp_tpa.inc"/>
        <WindowIndex Value="0"/>
        <TopLine Value="482"/>
        <CursorPos X="1" Y="1"/>
        <UsageCount Value="6"/>
      </Unit28>
      <Unit29>
        <Filename Value="../../Units/MMLAddon/LPInc/Wrappers/lp_mouse.inc"/>
        <WindowIndex Value="0"/>
        <TopLine Value="12"/>
        <CursorPos X="41" Y="18"/>
        <UsageCount Value="6"/>
      </Unit29>
      <Unit30>
        <Filename Value="../../Units/Misc/v_Constants.pas"/>
        <UnitName Value="v_Constants"/>
        <WindowIndex Value="0"/>
        <TopLine Value="1"/>
        <CursorPos X="1" Y="1"/>
        <UsageCount Value="6"/>
      </Unit30>
      <Unit31>
        <Filename Value="../../Units/MMLCore/os_windows.pas"/>
        <UnitName Value="os_windows"/>
        <WindowIndex Value="0"/>
        <TopLine Value="590"/>
        <CursorPos X="28" Y="365"/>
        <UsageCount Value="6"/>
      </Unit31>
      <Unit32>
        <Filename Value="../../Units/MMLAddon/PSInc/Wrappers/dtm.inc"/>
        <EditorIndex Value="8"/>
        <WindowIndex Value="0"/>
        <TopLine Value="76"/>
        <CursorPos X="61" Y="111"/>
        <UsageCount Value="32"/>
        <Loaded Value="True"/>
      </Unit32>
      <Unit33>
        <Filename Value="../../Units/MMLCore/dtmutil.pas"/>
        <UnitName Value="dtmutil"/>
        <WindowIndex Value="0"/>
        <TopLine Value="52"/>
        <CursorPos X="11" Y="36"/>
        <UsageCount Value="7"/>
      </Unit33>
      <Unit34>
        <Filename Value="../../Units/MMLCore/mufasabase.pas"/>
        <UnitName Value="mufasabase"/>
        <WindowIndex Value="0"/>
        <TopLine Value="47"/>
        <CursorPos X="11" Y="59"/>
        <UsageCount Value="7"/>
      </Unit34>
      <Unit35>
        <Filename Value="../../Units/MMLAddon/LPInc/Wrappers/lp_ocr.inc"/>
        <WindowIndex Value="0"/>
        <TopLine Value="9"/>
        <CursorPos X="1" Y="1"/>
        <UsageCount Value="6"/>
      </Unit35>
      <Unit36>
        <Filename Value="../../Units/MMLAddon/PSInc/Wrappers/strings.inc"/>
        <WindowIndex Value="0"/>
        <TopLine Value="39"/>
        <CursorPos X="40" Y="45"/>
        <UsageCount Value="6"/>
      </Unit36>
      <Unit37>
        <Filename Value="../../Units/MMLAddon/PSInc/Wrappers/tpa.inc"/>
        <TopLine Value="1"/>
        <CursorPos X="18" Y="4"/>
        <ExtraEditorCount Value="1"/>
        <ExtraEditor1>
          <WindowIndex Value="0"/>
          <TopLine Value="469"/>
          <CursorPos X="108" Y="501"/>
        </ExtraEditor1>
        <UsageCount Value="30"/>
      </Unit37>
      <Unit38>
        <Filename Value="tpai.pas"/>
        <IsPartOfProject Value="True"/>
        <UnitName Value="tpai"/>
        <EditorIndex Value="3"/>
        <WindowIndex Value="0"/>
        <TopLine Value="1"/>
        <CursorPos X="38" Y="5"/>
        <ExtraEditorCount Value="1"/>
        <ExtraEditor1>
          <WindowIndex Value="1"/>
          <TopLine Value="226"/>
          <CursorPos X="3" Y="269"/>
        </ExtraEditor1>
        <UsageCount Value="60"/>
        <Loaded Value="True"/>
      </Unit38>
      <Unit39>
        <Filename Value="../../Units/MMLAddon/mmisc.pas"/>
        <UnitName Value="mmisc"/>
        <WindowIndex Value="0"/>
        <TopLine Value="260"/>
        <CursorPos X="1" Y="1"/>
        <UsageCount Value="6"/>
      </Unit39>
      <Unit40>
        <Filename Value="../../Units/MMLCore/ocrutil.pas"/>
        <UnitName Value="ocrutil"/>
        <WindowIndex Value="0"/>
        <TopLine Value="89"/>
        <CursorPos X="66" Y="41"/>
        <UsageCount Value="6"/>
      </Unit40>
      <Unit41>
        <Filename Value="../../Units/MMLCore/ocr.pas"/>
        <UnitName Value="ocr"/>
        <WindowIndex Value="0"/>
        <TopLine Value="29"/>
        <CursorPos X="72" Y="42"/>
        <UsageCount Value="6"/>
      </Unit41>
      <Unit42>
        <Filename Value="colourconvi.pas"/>
        <IsPartOfProject Value="True"/>
        <UnitName Value="colourconvi"/>
        <EditorIndex Value="1"/>
        <WindowIndex Value="0"/>
        <TopLine Value="38"/>
        <CursorPos X="61" Y="50"/>
        <ExtraEditorCount Value="1"/>
        <ExtraEditor1>
          <IsVisibleTab Value="True"/>
          <WindowIndex Value="1"/>
        </ExtraEditor1>
        <UsageCount Value="21"/>
        <Loaded Value="True"/>
      </Unit42>
      <Unit43>
        <Filename Value="../../Units/MMLAddon/PSInc/Wrappers/colourconv.inc"/>
        <WindowIndex Value="1"/>
        <TopLine Value="71"/>
        <CursorPos X="19" Y="96"/>
        <UsageCount Value="10"/>
      </Unit43>
      <Unit44>
        <Filename Value="../../Units/MMLCore/colour_conv.pas"/>
        <UnitName Value="colour_conv"/>
        <WindowIndex Value="1"/>
        <TopLine Value="25"/>
        <CursorPos X="11" Y="47"/>
        <UsageCount Value="10"/>
      </Unit44>
    </Units>
    <JumpHistory Count="29" HistoryIndex="28">
      <Position1>
        <Filename Value="tpai.pas"/>
        <Caret Line="269" Column="3" TopLine="226"/>
      </Position1>
      <Position2>
        <Filename Value="tpai.pas"/>
        <Caret Line="285" Column="81" TopLine="242"/>
      </Position2>
      <Position3>
        <Filename Value="tpai.pas"/>
        <Caret Line="329" Column="19" TopLine="286"/>
      </Position3>
      <Position4>
        <Filename Value="tpai.pas"/>
        <Caret Line="427" Column="5" TopLine="384"/>
      </Position4>
      <Position5>
        <Filename Value="tpai.pas"/>
        <Caret Line="452" Column="13" TopLine="410"/>
      </Position5>
      <Position6>
        <Filename Value="tpai.pas"/>
        <Caret Line="453" Column="22" TopLine="411"/>
      </Position6>
      <Position7>
        <Filename Value="tpai.pas"/>
        <Caret Line="177" Column="22" TopLine="155"/>
      </Position7>
      <Position8>
        <Filename Value="tpai.pas"/>
        <Caret Line="453" Column="22" TopLine="411"/>
      </Position8>
      <Position9>
        <Filename Value="tpai.pas"/>
        <Caret Line="177" Column="22" TopLine="155"/>
      </Position9>
      <Position10>
        <Filename Value="tpai.pas"/>
        <Caret Line="453" Column="22" TopLine="411"/>
      </Position10>
      <Position11>
        <Filename Value="tpai.pas"/>
        <Caret Line="177" Column="10" TopLine="155"/>
      </Position11>
      <Position12>
        <Filename Value="tpai.pas"/>
        <Caret Line="453" Column="22" TopLine="411"/>
      </Position12>
      <Position13>
        <Filename Value="tpai.pas"/>
        <Caret Line="13" Column="20" TopLine="293"/>
      </Position13>
      <Position14>
        <Filename Value="../../Units/MMLCore/tpa.pas"/>
        <Caret Line="44" Column="10" TopLine="22"/>
      </Position14>
      <Position15>
        <Filename Value="../../Units/MMLCore/tpa.pas"/>
        <Caret Line="34" Column="33" TopLine="33"/>
      </Position15>
      <Position16>
        <Filename Value="../../Units/MMLCore/tpa.pas"/>
        <Caret Line="104" Column="58" TopLine="81"/>
      </Position16>
      <Position17>
        <Filename Value="tpai.pas"/>
        <Caret Line="513" Column="16" TopLine="1"/>
      </Position17>
      <Position18>
        <Filename Value="tpai.pas"/>
        <Caret Line="191" Column="23" TopLine="177"/>
      </Position18>
      <Position19>
        <Filename Value="tpai.pas"/>
        <Caret Line="195" Column="116" TopLine="183"/>
      </Position19>
      <Position20>
        <Filename Value="tpai.pas"/>
        <Caret Line="341" Column="3" TopLine="327"/>
      </Position20>
      <Position21>
        <Filename Value="tpai.pas"/>
        <Caret Line="405" Column="56" TopLine="393"/>
      </Position21>
      <Position22>
        <Filename Value="mml.lpr"/>
        <Caret Line="291" Column="11" TopLine="286"/>
      </Position22>
      <Position23>
        <Filename Value="colourconvi.pas"/>
        <Caret Line="22" Column="26" TopLine="1"/>
      </Position23>
      <Position24>
        <Filename Value="mml.lpr"/>
        <Caret Line="27" Column="40" TopLine="5"/>
      </Position24>
      <Position25>
        <Filename Value="colourconvi.pas"/>
        <Caret Line="23" Column="14" TopLine="1"/>
      </Position25>
      <Position26>
        <Filename Value="colourconvi.pas"/>
        <Caret Line="21" Column="17" TopLine="1"/>
      </Position26>
      <Position27>
        <Filename Value="colourconvi.pas"/>
        <Caret Line="23" Column="17" TopLine="1"/>
      </Position27>
      <Position28>
        <Filename Value="colourconvi.pas"/>
        <Caret Line="126" Column="5" TopLine="83"/>
      </Position28>
      <Position29>
        <Filename Value="colourconvi.pas"/>
        <Caret Line="14" Column="52" TopLine="1"/>
      </Position29>
    </JumpHistory>
  </ProjectOptions>
  <CompilerOptions>
    <Version Value="11"/>
    <Target>
      <Filename Value="mml"/>
    </Target>
    <SearchPaths>
      <IncludeFiles Value="$(ProjOutDir);$(ProjPath)../../Units/MMLAddon/PSInc;$(ProjPath)../../Units/MMLAddon/LPInc;$(ProjPath)../../Units/MMLAddon/LPInc/Wrappers;../../Units/lape;../../Projects/Simba"/>
      <OtherUnitFiles Value="$(ProjPath)../../Units/MMLCore;$(ProjPath)../../Units/MMLAddon;$(ProjPath)../../Units/PascalScript;$(ProjPath)../../Units/lape;$(ProjPath)../../Units/Misc;$(ProjPath)../../Units/Misc/DCPCrypt;$(ProjPath)../../Units/Misc/DCPCrypt/Hashes;$(ProjPath)../../Units/Misc/DCPCrypt/Ciphers;$(ProjPath)../../Units/MMLAddon/PSInc;$(ProjPath)../../Units/Linux;$(ProjPath)../../Units/Synapse;$(LazarusDir)/components/mouseandkeyinput;../../Units/lape/extensions/ffi;../ScriptManager;../FormDesigner"/>
      <UnitOutputDirectory Value="lib/$(TargetCPU)-$(TargetOS)"/>
    </SearchPaths>
    <CodeGeneration>
      <Optimizations>
        <OptimizationLevel Value="2"/>
      </Optimizations>
    </CodeGeneration>
    <Linking>
      <Options>
        <ExecutableType Value="Library"/>
      </Options>
    </Linking>
    <Other>
      <CustomOptions Value="-fPIC"/>
      <CompilerPath Value="$(CompPath)"/>
    </Other>
  </CompilerOptions>
  <Debugging>
    <Exceptions Count="3">
      <Item1>
        <Name Value="EAbort"/>
      </Item1>
      <Item2>
        <Name Value="ECodetoolError"/>
      </Item2>
      <Item3>
        <Name Value="EFOpenError"/>
      </Item3>
    </Exceptions>
  </Debugging>
  <EditorMacros Count="0"/>
</CONFIG>
